
Microsoft Visual Studio Solution File, Format Version 12.00
# Visual Studio Version 17
VisualStudioVersion = 17.11.35303.130
MinimumVisualStudioVersion = 10.0.40219.1
Project("{888888A0-9F3D-457C-B088-3A5042F75D52}") = "Laba№4", "Laba№4\Laba№4.pyproj", "{BEF2D7C5-FE39-4D0F-9F83-F12DAE08CCE0}"
EndProject
Global
	GlobalSection(SolutionConfigurationPlatforms) = preSolution
		Debug|Any CPU = Debug|Any CPU
		Release|Any CPU = Release|Any CPU
	EndGlobalSection
	GlobalSection(ProjectConfigurationPlatforms) = postSolution
		{BEF2D7C5-FE39-4D0F-9F83-F12DAE08CCE0}.Debug|Any CPU.ActiveCfg = Debug|Any CPU
		{BEF2D7C5-FE39-4D0F-9F83-F12DAE08CCE0}.Release|Any CPU.ActiveCfg = Release|Any CPU
	EndGlobalSection
	GlobalSection(SolutionProperties) = preSolution
		HideSolutionNode = FALSE
	EndGlobalSection
	GlobalSection(ExtensibilityGlobals) = postSolution
		SolutionGuid = {FADEE0C8-A028-4EF3-96E4-8FB4B2FCFA0B}
	EndGlobalSection
EndGlobal
